// !$*UTF8*$!
{
	archiveVersion = 1;
	classes = {
	};
	objectVersion = 46;
	objects = {

/* Begin PBXBuildFile section */
		915A95341D665D7000AB4894 /* AppDelegate.swift in Sources */ = {isa = PBXBuildFile; fileRef = 915A95331D665D7000AB4894 /* AppDelegate.swift */; };
		915A95361D665D7000AB4894 /* ViewController.swift in Sources */ = {isa = PBXBuildFile; fileRef = 915A95351D665D7000AB4894 /* ViewController.swift */; };
		915A95391D665D7000AB4894 /* Main.storyboard in Resources */ = {isa = PBXBuildFile; fileRef = 915A95371D665D7000AB4894 /* Main.storyboard */; };
		915A953B1D665D7000AB4894 /* Assets.xcassets in Resources */ = {isa = PBXBuildFile; fileRef = 915A953A1D665D7000AB4894 /* Assets.xcassets */; };
		915A953E1D665D7000AB4894 /* LaunchScreen.storyboard in Resources */ = {isa = PBXBuildFile; fileRef = 915A953C1D665D7000AB4894 /* LaunchScreen.storyboard */; };
		915A95491D665D7000AB4894 /* pruebagitTests.swift in Sources */ = {isa = PBXBuildFile; fileRef = 915A95481D665D7000AB4894 /* pruebagitTests.swift */; };
		915A95541D665D7000AB4894 /* pruebagitUITests.swift in Sources */ = {isa = PBXBuildFile; fileRef = 915A95531D665D7000AB4894 /* pruebagitUITests.swift */; };
/* End PBXBuildFile section */

/* Begin PBXContainerItemProxy section */
		915A95451D665D7000AB4894 /* PBXContainerItemProxy */ = {
			isa = PBXContainerItemProxy;
			containerPortal = 915A95281D665D7000AB4894 /* Project object */;
			proxyType = 1;
			remoteGlobalIDString = 915A952F1D665D7000AB4894;
			remoteInfo = pruebagit;
		};
		915A95501D665D7000AB4894 /* PBXContainerItemProxy */ = {
			isa = PBXContainerItemProxy;
			containerPortal = 915A95281D665D7000AB4894 /* Project object */;
			proxyType = 1;
			remoteGlobalIDString = 915A952F1D665D7000AB4894;
			remoteInfo = pruebagit;
		};
/* End PBXContainerItemProxy section */

/* Begin PBXFileReference section */
		915A95301D665D7000AB4894 /* pruebagit.app */ = {isa = PBXFileReference; explicitFileType = wrapper.application; includeInIndex = 0; path = pruebagit.app; sourceTree = BUILT_PRODUCTS_DIR; };
		915A95331D665D7000AB4894 /* AppDelegate.swift */ = {isa = PBXFileReference; lastKnownFileType = sourcecode.swift; path = AppDelegate.swift; sourceTree = "<group>"; };
		915A95351D665D7000AB4894 /* ViewController.swift */ = {isa = PBXFileReference; lastKnownFileType = sourcecode.swift; path = ViewController.swift; sourceTree = "<group>"; };
		915A95381D665D7000AB4894 /* Base */ = {isa = PBXFileReference; lastKnownFileType = file.storyboard; name = Base; path = Base.lproj/Main.storyboard; sourceTree = "<group>"; };
		915A953A1D665D7000AB4894 /* Assets.xcassets */ = {isa = PBXFileReference; lastKnownFileType = folder.assetcatalog; path = Assets.xcassets; sourceTree = "<group>"; };
		915A953D1D665D7000AB4894 /* Base */ = {isa = PBXFileReference; lastKnownFileType = file.storyboard; name = Base; path = Base.lproj/LaunchScreen.storyboard; sourceTree = "<group>"; };
		915A953F1D665D7000AB4894 /* Info.plist */ = {isa = PBXFileReference; lastKnownFileType = text.plist.xml; path = Info.plist; sourceTree = "<group>"; };
		915A95441D665D7000AB4894 /* pruebagitTests.xctest */ = {isa = PBXFileReference; explicitFileType = wrapper.cfbundle; includeInIndex = 0; path = pruebagitTests.xctest; sourceTree = BUILT_PRODUCTS_DIR; };
		915A95481D665D7000AB4894 /* pruebagitTests.swift */ = {isa = PBXFileReference; lastKnownFileType = sourcecode.swift; path = pruebagitTests.swift; sourceTree = "<group>"; };
		915A954A1D665D7000AB4894 /* Info.plist */ = {isa = PBXFileReference; lastKnownFileType = text.plist.xml; path = Info.plist; sourceTree = "<group>"; };
		915A954F1D665D7000AB4894 /* pruebagitUITests.xctest */ = {isa = PBXFileReference; explicitFileType = wrapper.cfbundle; includeInIndex = 0; path = pruebagitUITests.xctest; sourceTree = BUILT_PRODUCTS_DIR; };
		915A95531D665D7000AB4894 /* pruebagitUITests.swift */ = {isa = PBXFileReference; lastKnownFileType = sourcecode.swift; path = pruebagitUITests.swift; sourceTree = "<group>"; };
		915A95551D665D7000AB4894 /* Info.plist */ = {isa = PBXFileReference; lastKnownFileType = text.plist.xml; path = Info.plist; sourceTree = "<group>"; };
/* End PBXFileReference section */

/* Begin PBXFrameworksBuildPhase section */
		915A952D1D665D7000AB4894 /* Frameworks */ = {
			isa = PBXFrameworksBuildPhase;
			buildActionMask = 2147483647;
			files = (
			);
			runOnlyForDeploymentPostprocessing = 0;
		};
		915A95411D665D7000AB4894 /* Frameworks */ = {
			isa = PBXFrameworksBuildPhase;
			buildActionMask = 2147483647;
			files = (
			);
			runOnlyForDeploymentPostprocessing = 0;
		};
		915A954C1D665D7000AB4894 /* Frameworks */ = {
			isa = PBXFrameworksBuildPhase;
			buildActionMask = 2147483647;
			files = (
			);
			runOnlyForDeploymentPostprocessing = 0;
		};
/* End PBXFrameworksBuildPhase section */

/* Begin PBXGroup section */
		915A95271D665D7000AB4894 = {
			isa = PBXGroup;
			children = (
				915A95321D665D7000AB4894 /* pruebagit */,
				915A95471D665D7000AB4894 /* pruebagitTests */,
				915A95521D665D7000AB4894 /* pruebagitUITests */,
				915A95311D665D7000AB4894 /* Products */,
			);
			sourceTree = "<group>";
		};
		915A95311D665D7000AB4894 /* Products */ = {
			isa = PBXGroup;
			children = (
				915A95301D665D7000AB4894 /* pruebagit.app */,
				915A95441D665D7000AB4894 /* pruebagitTests.xctest */,
				915A954F1D665D7000AB4894 /* pruebagitUITests.xctest */,
			);
			name = Products;
			sourceTree = "<group>";
		};
		915A95321D665D7000AB4894 /* pruebagit */ = {
			isa = PBXGroup;
			children = (
				915A95331D665D7000AB4894 /* AppDelegate.swift */,
				915A95351D665D7000AB4894 /* ViewController.swift */,
				915A95371D665D7000AB4894 /* Main.storyboard */,
				915A953A1D665D7000AB4894 /* Assets.xcassets */,
				915A953C1D665D7000AB4894 /* LaunchScreen.storyboard */,
				915A953F1D665D7000AB4894 /* Info.plist */,
			);
			path = pruebagit;
			sourceTree = "<group>";
		};
		915A95471D665D7000AB4894 /* pruebagitTests */ = {
			isa = PBXGroup;
			children = (
				915A95481D665D7000AB4894 /* pruebagitTests.swift */,
				915A954A1D665D7000AB4894 /* Info.plist */,
			);
			path = pruebagitTests;
			sourceTree = "<group>";
		};
		915A95521D665D7000AB4894 /* pruebagitUITests */ = {
			isa = PBXGroup;
			children = (
				915A95531D665D7000AB4894 /* pruebagitUITests.swift */,
				915A95551D665D7000AB4894 /* Info.plist */,
			);
			path = pruebagitUITests;
			sourceTree = "<group>";
		};
/* End PBXGroup section */

/* Begin PBXNativeTarget section */
		915A952F1D665D7000AB4894 /* pruebagit */ = {
			isa = PBXNativeTarget;
			buildConfigurationList = 915A95581D665D7000AB4894 /* Build configuration list for PBXNativeTarget "pruebagit" */;
			buildPhases = (
				915A952C1D665D7000AB4894 /* Sources */,
				915A952D1D665D7000AB4894 /* Frameworks */,
				915A952E1D665D7000AB4894 /* Resources */,
			);
			buildRules = (
			);
			dependencies = (
			);
			name = pruebagit;
			productName = pruebagit;
			productReference = 915A95301D665D7000AB4894 /* pruebagit.app */;
			productType = "com.apple.product-type.application";
		};
		915A95431D665D7000AB4894 /* pruebagitTests */ = {
			isa = PBXNativeTarget;
			buildConfigurationList = 915A955B1D665D7000AB4894 /* Build configuration list for PBXNativeTarget "pruebagitTests" */;
			buildPhases = (
				915A95401D665D7000AB4894 /* Sources */,
				915A95411D665D7000AB4894 /* Frameworks */,
				915A95421D665D7000AB4894 /* Resources */,
			);
			buildRules = (
			);
			dependencies = (
				915A95461D665D7000AB4894 /* PBXTargetDependency */,
			);
			name = pruebagitTests;
			productName = pruebagitTests;
			productReference = 915A95441D665D7000AB4894 /* pruebagitTests.xctest */;
			productType = "com.apple.product-type.bundle.unit-test";
		};
		915A954E1D665D7000AB4894 /* pruebagitUITests */ = {
			isa = PBXNativeTarget;
			buildConfigurationList = 915A955E1D665D7000AB4894 /* Build configuration list for PBXNativeTarget "pruebagitUITests" */;
			buildPhases = (
				915A954B1D665D7000AB4894 /* Sources */,
				915A954C1D665D7000AB4894 /* Frameworks */,
				915A954D1D665D7000AB4894 /* Resources */,
			);
			buildRules = (
			);
			dependencies = (
				915A95511D665D7000AB4894 /* PBXTargetDependency */,
			);
			name = pruebagitUITests;
			productName = pruebagitUITests;
			productReference = 915A954F1D665D7000AB4894 /* pruebagitUITests.xctest */;
			productType = "com.apple.product-type.bundle.ui-testing";
		};
/* End PBXNativeTarget section */

/* Begin PBXProject section */
		915A95281D665D7000AB4894 /* Project object */ = {
			isa = PBXProject;
			attributes = {
				LastSwiftUpdateCheck = 0800;
				LastUpgradeCheck = 0800;
				ORGANIZATIONNAME = "Anel Noreña";
				TargetAttributes = {
					915A952F1D665D7000AB4894 = {
						CreatedOnToolsVersion = 8.0;
						ProvisioningStyle = Automatic;
					};
					915A95431D665D7000AB4894 = {
						CreatedOnToolsVersion = 8.0;
						ProvisioningStyle = Automatic;
						TestTargetID = 915A952F1D665D7000AB4894;
					};
					915A954E1D665D7000AB4894 = {
						CreatedOnToolsVersion = 8.0;
						ProvisioningStyle = Automatic;
						TestTargetID = 915A952F1D665D7000AB4894;
					};
				};
			};
			buildConfigurationList = 915A952B1D665D7000AB4894 /* Build configuration list for PBXProject "pruebagit" */;
			compatibilityVersion = "Xcode 3.2";
			developmentRegion = English;
			hasScannedForEncodings = 0;
			knownRegions = (
				en,
				Base,
			);
			mainGroup = 915A95271D665D7000AB4894;
			productRefGroup = 915A95311D665D7000AB4894 /* Products */;
			projectDirPath = "";
			projectRoot = "";
			targets = (
				915A952F1D665D7000AB4894 /* pruebagit */,
				915A95431D665D7000AB4894 /* pruebagitTests */,
				915A954E1D665D7000AB4894 /* pruebagitUITests */,
			);
		};
/* End PBXProject section */

/* Begin PBXResourcesBuildPhase section */
		915A952E1D665D7000AB4894 /* Resources */ = {
			isa = PBXResourcesBuildPhase;
			buildActionMask = 2147483647;
			files = (
				915A953E1D665D7000AB4894 /* LaunchScreen.storyboard in Resources */,
				915A953B1D665D7000AB4894 /* Assets.xcassets in Resources */,
				915A95391D665D7000AB4894 /* Main.storyboard in Resources */,
			);
			runOnlyForDeploymentPostprocessing = 0;
		};
		915A95421D665D7000AB4894 /* Resources */ = {
			isa = PBXResourcesBuildPhase;
			buildActionMask = 2147483647;
			files = (
			);
			runOnlyForDeploymentPostprocessing = 0;
		};
		915A954D1D665D7000AB4894 /* Resources */ = {
			isa = PBXResourcesBuildPhase;
			buildActionMask = 2147483647;
			files = (
			);
			runOnlyForDeploymentPostprocessing = 0;
		};
/* End PBXResourcesBuildPhase section */

/* Begin PBXSourcesBuildPhase section */
		915A952C1D665D7000AB4894 /* Sources */ = {
			isa = PBXSourcesBuildPhase;
			buildActionMask = 2147483647;
			files = (
				915A95361D665D7000AB4894 /* ViewController.swift in Sources */,
				915A95341D665D7000AB4894 /* AppDelegate.swift in Sources */,
			);
			runOnlyForDeploymentPostprocessing = 0;
		};
		915A95401D665D7000AB4894 /* Sources */ = {
			isa = PBXSourcesBuildPhase;
			buildActionMask = 2147483647;
			files = (
				915A95491D665D7000AB4894 /* pruebagitTests.swift in Sources */,
			);
			runOnlyForDeploymentPostprocessing = 0;
		};
		915A954B1D665D7000AB4894 /* Sources */ = {
			isa = PBXSourcesBuildPhase;
			buildActionMask = 2147483647;
			files = (
				915A95541D665D7000AB4894 /* pruebagitUITests.swift in Sources */,
			);
			runOnlyForDeploymentPostprocessing = 0;
		};
/* End PBXSourcesBuildPhase section */

/* Begin PBXTargetDependency section */
		915A95461D665D7000AB4894 /* PBXTargetDependency */ = {
			isa = PBXTargetDependency;
			target = 915A952F1D665D7000AB4894 /* pruebagit */;
			targetProxy = 915A95451D665D7000AB4894 /* PBXContainerItemProxy */;
		};
		915A95511D665D7000AB4894 /* PBXTargetDependency */ = {
			isa = PBXTargetDependency;
			target = 915A952F1D665D7000AB4894 /* pruebagit */;
			targetProxy = 915A95501D665D7000AB4894 /* PBXContainerItemProxy */;
		};
/* End PBXTargetDependency section */

/* Begin PBXVariantGroup section */
		915A95371D665D7000AB4894 /* Main.storyboard */ = {
			isa = PBXVariantGroup;
			children = (
				915A95381D665D7000AB4894 /* Base */,
			);
			name = Main.storyboard;
			sourceTree = "<group>";
		};
		915A953C1D665D7000AB4894 /* LaunchScreen.storyboard */ = {
			isa = PBXVariantGroup;
			children = (
				915A953D1D665D7000AB4894 /* Base */,
			);
			name = LaunchScreen.storyboard;
			sourceTree = "<group>";
		};
/* End PBXVariantGroup section */

/* Begin XCBuildConfiguration section */
		915A95561D665D7000AB4894 /* Debug */ = {
			isa = XCBuildConfiguration;
			buildSettings = {
				ALWAYS_SEARCH_USER_PATHS = NO;
				CLANG_ANALYZER_NONNULL = YES;
				CLANG_CXX_LANGUAGE_STANDARD = "gnu++0x";
				CLANG_CXX_LIBRARY = "libc++";
				CLANG_ENABLE_MODULES = YES;
				CLANG_ENABLE_OBJC_ARC = YES;
				CLANG_WARN_BOOL_CONVERSION = YES;
				CLANG_WARN_CONSTANT_CONVERSION = YES;
				CLANG_WARN_DIRECT_OBJC_ISA_USAGE = YES_ERROR;
				CLANG_WARN_DOCUMENTATION_COMMENTS = YES;
				CLANG_WARN_EMPTY_BODY = YES;
				CLANG_WARN_ENUM_CONVERSION = YES;
				CLANG_WARN_INFINITE_RECURSION = YES;
				CLANG_WARN_INT_CONVERSION = YES;
				CLANG_WARN_OBJC_ROOT_CLASS = YES_ERROR;
				CLANG_WARN_SUSPICIOUS_MOVES = YES;
				CLANG_WARN_UNREACHABLE_CODE = YES;
				CLANG_WARN__DUPLICATE_METHOD_MATCH = YES;
				"CODE_SIGN_IDENTITY[sdk=iphoneos*]" = "iPhone Developer";
				COPY_PHASE_STRIP = NO;
				DEBUG_INFORMATION_FORMAT = dwarf;
				ENABLE_STRICT_OBJC_MSGSEND = YES;
				ENABLE_TESTABILITY = YES;
				GCC_C_LANGUAGE_STANDARD = gnu99;
				GCC_DYNAMIC_NO_PIC = NO;
				GCC_NO_COMMON_BLOCKS = YES;
				GCC_OPTIMIZATION_LEVEL = 0;
				GCC_PREPROCESSOR_DEFINITIONS = (
					"DEBUG=1",
					"$(inherited)",
				);
				GCC_WARN_64_TO_32_BIT_CONVERSION = YES;
				GCC_WARN_ABOUT_RETURN_TYPE = YES_ERROR;
				GCC_WARN_UNDECLARED_SELECTOR = YES;
				GCC_WARN_UNINITIALIZED_AUTOS = YES_AGGRESSIVE;
				GCC_WARN_UNUSED_FUNCTION = YES;
				GCC_WARN_UNUSED_VARIABLE = YES;
				IPHONEOS_DEPLOYMENT_TARGET = 10.0;
				MTL_ENABLE_DEBUG_INFO = YES;
				ONLY_ACTIVE_ARCH = YES;
				SDKROOT = iphoneos;
				SWIFT_ACTIVE_COMPILATION_CONDITIONS = DEBUG;
				SWIFT_OPTIMIZATION_LEVEL = "-Onone";
			};
			name = Debug;
		};
		915A95571D665D7000AB4894 /* Release */ = {
			isa = XCBuildConfiguration;
			buildSettings = {
				ALWAYS_SEARCH_USER_PATHS = NO;
				CLANG_ANALYZER_NONNULL = YES;
				CLANG_CXX_LANGUAGE_STANDARD = "gnu++0x";
				CLANG_CXX_LIBRARY = "libc++";
				CLANG_ENABLE_MODULES = YES;
				CLANG_ENABLE_OBJC_ARC = YES;
				CLANG_WARN_BOOL_CONVERSION = YES;
				CLANG_WARN_CONSTANT_CONVERSION = YES;
				CLANG_WARN_DIRECT_OBJC_ISA_USAGE = YES_ERROR;
				CLANG_WARN_DOCUMENTATION_COMMENTS = YES;
				CLANG_WARN_EMPTY_BODY = YES;
				CLANG_WARN_ENUM_CONVERSION = YES;
				CLANG_WARN_INFINITE_RECURSION = YES;
				CLANG_WARN_INT_CONVERSION = YES;
				CLANG_WARN_OBJC_ROOT_CLASS = YES_ERROR;
				CLANG_WARN_SUSPICIOUS_MOVES = YES;
				CLANG_WARN_UNREACHABLE_CODE = YES;
				CLANG_WARN__DUPLICATE_METHOD_MATCH = YES;
				"CODE_SIGN_IDENTITY[sdk=iphoneos*]" = "iPhone Developer";
				COPY_PHASE_STRIP = NO;
				DEBUG_INFORMATION_FORMAT = "dwarf-with-dsym";
				ENABLE_NS_ASSERTIONS = NO;
				ENABLE_STRICT_OBJC_MSGSEND = YES;
				GCC_C_LANGUAGE_STANDARD = gnu99;
				GCC_NO_COMMON_BLOCKS = YES;
				GCC_WARN_64_TO_32_BIT_CONVERSION = YES;
				GCC_WARN_ABOUT_RETURN_TYPE = YES_ERROR;
				GCC_WARN_UNDECLARED_SELECTOR = YES;
				GCC_WARN_UNINITIALIZED_AUTOS = YES_AGGRESSIVE;
				GCC_WARN_UNUSED_FUNCTION = YES;
				GCC_WARN_UNUSED_VARIABLE = YES;
				IPHONEOS_DEPLOYMENT_TARGET = 10.0;
				MTL_ENABLE_DEBUG_INFO = NO;
				SDKROOT = iphoneos;
				SWIFT_OPTIMIZATION_LEVEL = "-Owholemodule";
				VALIDATE_PRODUCT = YES;
			};
			name = Release;
		};
		915A95591D665D7000AB4894 /* Debug */ = {
			isa = XCBuildConfiguration;
			buildSettings = {
				ASSETCATALOG_COMPILER_APPICON_NAME = AppIcon;
				INFOPLIST_FILE = pruebagit/Info.plist;
				LD_RUNPATH_SEARCH_PATHS = "$(inherited) @executable_path/Frameworks";
				PRODUCT_BUNDLE_IDENTIFIER = Daniel.pruebagit;
				PRODUCT_NAME = "$(TARGET_NAME)";
				SWIFT_VERSION = 3.0;
			};
			name = Debug;
		};
		915A955A1D665D7000AB4894 /* Release */ = {
			isa = XCBuildConfiguration;
			buildSettings = {
				ASSETCATALOG_COMPILER_APPICON_NAME = AppIcon;
				INFOPLIST_FILE = pruebagit/Info.plist;
				LD_RUNPATH_SEARCH_PATHS = "$(inherited) @executable_path/Frameworks";
				PRODUCT_BUNDLE_IDENTIFIER = Daniel.pruebagit;
				PRODUCT_NAME = "$(TARGET_NAME)";
				SWIFT_VERSION = 3.0;
			};
			name = Release;
		};
		915A955C1D665D7000AB4894 /* Debug */ = {
			isa = XCBuildConfiguration;
			buildSettings = {
				BUNDLE_LOADER = "$(TEST_HOST)";
				INFOPLIST_FILE = pruebagitTests/Info.plist;
				LD_RUNPATH_SEARCH_PATHS = "$(inherited) @executable_path/Frameworks @loader_path/Frameworks";
				PRODUCT_BUNDLE_IDENTIFIER = Daniel.pruebagitTests;
				PRODUCT_NAME = "$(TARGET_NAME)";
				SWIFT_VERSION = 3.0;
				TEST_HOST = "$(BUILT_PRODUCTS_DIR)/pruebagit.app/pruebagit";
			};
			name = Debug;
		};
		915A955D1D665D7000AB4894 /* Release */ = {
			isa = XCBuildConfiguration;
			buildSettings = {
				BUNDLE_LOADER = "$(TEST_HOST)";
				INFOPLIST_FILE = pruebagitTests/Info.plist;
				LD_RUNPATH_SEARCH_PATHS = "$(inherited) @executable_path/Frameworks @loader_path/Frameworks";
				PRODUCT_BUNDLE_IDENTIFIER = Daniel.pruebagitTests;
				PRODUCT_NAME = "$(TARGET_NAME)";
				SWIFT_VERSION = 3.0;
				TEST_HOST = "$(BUILT_PRODUCTS_DIR)/pruebagit.app/pruebagit";
			};
			name = Release;
		};
		915A955F1D665D7000AB4894 /* Debug */ = {
			isa = XCBuildConfiguration;
			buildSettings = {
				INFOPLIST_FILE = pruebagitUITests/Info.plist;
				LD_RUNPATH_SEARCH_PATHS = "$(inherited) @executable_path/Frameworks @loader_path/Frameworks";
				PRODUCT_BUNDLE_IDENTIFIER = Daniel.pruebagitUITests;
				PRODUCT_NAME = "$(TARGET_NAME)";
				SWIFT_VERSION = 3.0;
				TEST_TARGET_NAME = pruebagit;
			};
			name = Debug;
		};
		915A95601D665D7000AB4894 /* Release */ = {
			isa = XCBuildConfiguration;
			buildSettings = {
				INFOPLIST_FILE = pruebagitUITests/Info.plist;
				LD_RUNPATH_SEARCH_PATHS = "$(inherited) @executable_path/Frameworks @loader_path/Frameworks";
				PRODUCT_BUNDLE_IDENTIFIER = Daniel.pruebagitUITests;
				PRODUCT_NAME = "$(TARGET_NAME)";
				SWIFT_VERSION = 3.0;
				TEST_TARGET_NAME = pruebagit;
			};
			name = Release;
		};
/* End XCBuildConfiguration section */

/* Begin XCConfigurationList section */
		915A952B1D665D7000AB4894 /* Build configuration list for PBXProject "pruebagit" */ = {
			isa = XCConfigurationList;
			buildConfigurations = (
				915A95561D665D7000AB4894 /* Debug */,
				915A95571D665D7000AB4894 /* Release */,
			);
			defaultConfigurationIsVisible = 0;
			defaultConfigurationName = Release;
		};
		915A95581D665D7000AB4894 /* Build configuration list for PBXNativeTarget "pruebagit" */ = {
			isa = XCConfigurationList;
			buildConfigurations = (
				915A95591D665D7000AB4894 /* Debug */,
				915A955A1D665D7000AB4894 /* Release */,
			);
			defaultConfigurationIsVisible = 0;
		};
		915A955B1D665D7000AB4894 /* Build configuration list for PBXNativeTarget "pruebagitTests" */ = {
			isa = XCConfigurationList;
			buildConfigurations = (
				915A955C1D665D7000AB4894 /* Debug */,
				915A955D1D665D7000AB4894 /* Release */,
			);
			defaultConfigurationIsVisible = 0;
		};
		915A955E1D665D7000AB4894 /* Build configuration list for PBXNativeTarget "pruebagitUITests" */ = {
			isa = XCConfigurationList;
			buildConfigurations = (
				915A955F1D665D7000AB4894 /* Debug */,
				915A95601D665D7000AB4894 /* Release */,
			);
			defaultConfigurationIsVisible = 0;
		};
/* End XCConfigurationList section */
	};
	rootObject = 915A95281D665D7000AB4894 /* Project object */;
}
